
Microsoft Visual Studio Solution File, Format Version 12.00
# Visual Studio Version 16
VisualStudioVersion = 16.0.30011.22
MinimumVisualStudioVersion = 10.0.40219.1
Project("{FAE04EC0-301F-11D3-BF4B-00C04F79EFBC}") = "WpfApp02", "WpfApp02\WpfApp02.csproj", "{94E7BC23-EAC6-4752-9719-DA36DD2357DA}"
EndProject
Project("{FAE04EC0-301F-11D3-BF4B-00C04F79EFBC}") = "WpfApp03", "WpfApp03\WpfApp03.csproj", "{5DFA3921-6A8D-4FA1-8FF1-48F31B5322B9}"
EndProject
Project("{FAE04EC0-301F-11D3-BF4B-00C04F79EFBC}") = "WpfApp04", "WpfApp04\WpfApp04.csproj", "{DB6CF322-711E-46B0-A379-DCADB62830BA}"
EndProject
Project("{FAE04EC0-301F-11D3-BF4B-00C04F79EFBC}") = "WpfApp01", "WpfApp01\WpfApp01.csproj", "{7F1434B5-AE48-4DF3-8289-150C77B2AC53}"
EndProject
Project("{FAE04EC0-301F-11D3-BF4B-00C04F79EFBC}") = "WpfApp05_Slider", "WpfApp05\WpfApp05_Slider.csproj", "{1178B4E2-5A3D-4050-8EA5-671B38307C2A}"
EndProject
Project("{FAE04EC0-301F-11D3-BF4B-00C04F79EFBC}") = "WpfApp06_Binding", "WpfApp06\WpfApp06_Binding.csproj", "{F289914C-20D3-4647-873C-62381FA0B13D}"
EndProject
Project("{FAE04EC0-301F-11D3-BF4B-00C04F79EFBC}") = "WpfApp07_ListBox", "WpfApp07_ListBox\WpfApp07_ListBox.csproj", "{FE43EBC5-F0AD-4D57-9058-728D0FD55748}"
EndProject
Project("{FAE04EC0-301F-11D3-BF4B-00C04F79EFBC}") = "WpfApp08_ComboBox", "WpfApp08_ComboBox\WpfApp08_ComboBox.csproj", "{A3547D06-76FE-4FCA-8E66-7C851CCCE92E}"
EndProject
Project("{FAE04EC0-301F-11D3-BF4B-00C04F79EFBC}") = "WpfApp09_CheckBox", "WpfApp09_CheckBox\WpfApp09_CheckBox.csproj", "{10E1347D-A3AD-4776-BA56-B2D67432D92C}"
EndProject
Project("{FAE04EC0-301F-11D3-BF4B-00C04F79EFBC}") = "WpfApp10_RadioButton", "WpfApp10_RadioButton\WpfApp10_RadioButton.csproj", "{60E744B5-D350-4351-AF7F-3CFE760A5F76}"
EndProject
Project("{FAE04EC0-301F-11D3-BF4B-00C04F79EFBC}") = "WpfApp11_Property", "WpfApp11_Property\WpfApp11_Property.csproj", "{7D5A96BB-0B27-473A-9EF2-6CE0D593BB82}"
EndProject
Project("{FAE04EC0-301F-11D3-BF4B-00C04F79EFBC}") = "WpfApp12_MySQL", "WpfApp12_MySQL\WpfApp12_MySQL.csproj", "{818BB4C4-E812-4594-B044-5501C8284139}"
EndProject
Global
	GlobalSection(SolutionConfigurationPlatforms) = preSolution
		Debug|Any CPU = Debug|Any CPU
		Release|Any CPU = Release|Any CPU
	EndGlobalSection
	GlobalSection(ProjectConfigurationPlatforms) = postSolution
		{94E7BC23-EAC6-4752-9719-DA36DD2357DA}.Debug|Any CPU.ActiveCfg = Debug|Any CPU
		{94E7BC23-EAC6-4752-9719-DA36DD2357DA}.Debug|Any CPU.Build.0 = Debug|Any CPU
		{94E7BC23-EAC6-4752-9719-DA36DD2357DA}.Release|Any CPU.ActiveCfg = Release|Any CPU
		{94E7BC23-EAC6-4752-9719-DA36DD2357DA}.Release|Any CPU.Build.0 = Release|Any CPU
		{5DFA3921-6A8D-4FA1-8FF1-48F31B5322B9}.Debug|Any CPU.ActiveCfg = Debug|Any CPU
		{5DFA3921-6A8D-4FA1-8FF1-48F31B5322B9}.Debug|Any CPU.Build.0 = Debug|Any CPU
		{5DFA3921-6A8D-4FA1-8FF1-48F31B5322B9}.Release|Any CPU.ActiveCfg = Release|Any CPU
		{5DFA3921-6A8D-4FA1-8FF1-48F31B5322B9}.Release|Any CPU.Build.0 = Release|Any CPU
		{DB6CF322-711E-46B0-A379-DCADB62830BA}.Debug|Any CPU.ActiveCfg = Debug|Any CPU
		{DB6CF322-711E-46B0-A379-DCADB62830BA}.Debug|Any CPU.Build.0 = Debug|Any CPU
		{DB6CF322-711E-46B0-A379-DCADB62830BA}.Release|Any CPU.ActiveCfg = Release|Any CPU
		{DB6CF322-711E-46B0-A379-DCADB62830BA}.Release|Any CPU.Build.0 = Release|Any CPU
		{7F1434B5-AE48-4DF3-8289-150C77B2AC53}.Debug|Any CPU.ActiveCfg = Debug|Any CPU
		{7F1434B5-AE48-4DF3-8289-150C77B2AC53}.Debug|Any CPU.Build.0 = Debug|Any CPU
		{7F1434B5-AE48-4DF3-8289-150C77B2AC53}.Release|Any CPU.ActiveCfg = Release|Any CPU
		{7F1434B5-AE48-4DF3-8289-150C77B2AC53}.Release|Any CPU.Build.0 = Release|Any CPU
		{1178B4E2-5A3D-4050-8EA5-671B38307C2A}.Debug|Any CPU.ActiveCfg = Debug|Any CPU
		{1178B4E2-5A3D-4050-8EA5-671B38307C2A}.Debug|Any CPU.Build.0 = Debug|Any CPU
		{1178B4E2-5A3D-4050-8EA5-671B38307C2A}.Release|Any CPU.ActiveCfg = Release|Any CPU
		{1178B4E2-5A3D-4050-8EA5-671B38307C2A}.Release|Any CPU.Build.0 = Release|Any CPU
		{F289914C-20D3-4647-873C-62381FA0B13D}.Debug|Any CPU.ActiveCfg = Debug|Any CPU
		{F289914C-20D3-4647-873C-62381FA0B13D}.Debug|Any CPU.Build.0 = Debug|Any CPU
		{F289914C-20D3-4647-873C-62381FA0B13D}.Release|Any CPU.ActiveCfg = Release|Any CPU
		{F289914C-20D3-4647-873C-62381FA0B13D}.Release|Any CPU.Build.0 = Release|Any CPU
		{FE43EBC5-F0AD-4D57-9058-728D0FD55748}.Debug|Any CPU.ActiveCfg = Debug|Any CPU
		{FE43EBC5-F0AD-4D57-9058-728D0FD55748}.Debug|Any CPU.Build.0 = Debug|Any CPU
		{FE43EBC5-F0AD-4D57-9058-728D0FD55748}.Release|Any CPU.ActiveCfg = Release|Any CPU
		{FE43EBC5-F0AD-4D57-9058-728D0FD55748}.Release|Any CPU.Build.0 = Release|Any CPU
		{A3547D06-76FE-4FCA-8E66-7C851CCCE92E}.Debug|Any CPU.ActiveCfg = Debug|Any CPU
		{A3547D06-76FE-4FCA-8E66-7C851CCCE92E}.Debug|Any CPU.Build.0 = Debug|Any CPU
		{A3547D06-76FE-4FCA-8E66-7C851CCCE92E}.Release|Any CPU.ActiveCfg = Release|Any CPU
		{A3547D06-76FE-4FCA-8E66-7C851CCCE92E}.Release|Any CPU.Build.0 = Release|Any CPU
		{10E1347D-A3AD-4776-BA56-B2D67432D92C}.Debug|Any CPU.ActiveCfg = Debug|Any CPU
		{10E1347D-A3AD-4776-BA56-B2D67432D92C}.Debug|Any CPU.Build.0 = Debug|Any CPU
		{10E1347D-A3AD-4776-BA56-B2D67432D92C}.Release|Any CPU.ActiveCfg = Release|Any CPU
		{10E1347D-A3AD-4776-BA56-B2D67432D92C}.Release|Any CPU.Build.0 = Release|Any CPU
		{60E744B5-D350-4351-AF7F-3CFE760A5F76}.Debug|Any CPU.ActiveCfg = Debug|Any CPU
		{60E744B5-D350-4351-AF7F-3CFE760A5F76}.Debug|Any CPU.Build.0 = Debug|Any CPU
		{60E744B5-D350-4351-AF7F-3CFE760A5F76}.Release|Any CPU.ActiveCfg = Release|Any CPU
		{60E744B5-D350-4351-AF7F-3CFE760A5F76}.Release|Any CPU.Build.0 = Release|Any CPU
		{7D5A96BB-0B27-473A-9EF2-6CE0D593BB82}.Debug|Any CPU.ActiveCfg = Debug|Any CPU
		{7D5A96BB-0B27-473A-9EF2-6CE0D593BB82}.Debug|Any CPU.Build.0 = Debug|Any CPU
		{7D5A96BB-0B27-473A-9EF2-6CE0D593BB82}.Release|Any CPU.ActiveCfg = Release|Any CPU
		{7D5A96BB-0B27-473A-9EF2-6CE0D593BB82}.Release|Any CPU.Build.0 = Release|Any CPU
		{818BB4C4-E812-4594-B044-5501C8284139}.Debug|Any CPU.ActiveCfg = Debug|Any CPU
		{818BB4C4-E812-4594-B044-5501C8284139}.Debug|Any CPU.Build.0 = Debug|Any CPU
		{818BB4C4-E812-4594-B044-5501C8284139}.Release|Any CPU.ActiveCfg = Release|Any CPU
		{818BB4C4-E812-4594-B044-5501C8284139}.Release|Any CPU.Build.0 = Release|Any CPU
	EndGlobalSection
	GlobalSection(SolutionProperties) = preSolution
		HideSolutionNode = FALSE
	EndGlobalSection
	GlobalSection(ExtensibilityGlobals) = postSolution
		SolutionGuid = {F6FF8243-6007-4B04-9808-EE4CD02D119C}
	EndGlobalSection
EndGlobal
